
Microsoft Visual Studio Solution File, Format Version 12.00
# Visual Studio Version 16
VisualStudioVersion = 16.0.29709.97
MinimumVisualStudioVersion = 10.0.40219.1
Project("{FAE04EC0-301F-11D3-BF4B-00C04F79EFBC}") = "Cafedra", "Cafedra\Cafedra.csproj", "{911D0E23-7BDD-407C-8B97-86746989B5DD}"
EndProject
Global
	GlobalSection(SolutionConfigurationPlatforms) = preSolution
		Debug|Any CPU = Debug|Any CPU
		Release|Any CPU = Release|Any CPU
	EndGlobalSection
	GlobalSection(ProjectConfigurationPlatforms) = postSolution
		{911D0E23-7BDD-407C-8B97-86746989B5DD}.Debug|Any CPU.ActiveCfg = Debug|Any CPU
		{911D0E23-7BDD-407C-8B97-86746989B5DD}.Debug|Any CPU.Build.0 = Debug|Any CPU
		{911D0E23-7BDD-407C-8B97-86746989B5DD}.Release|Any CPU.ActiveCfg = Release|Any CPU
		{911D0E23-7BDD-407C-8B97-86746989B5DD}.Release|Any CPU.Build.0 = Release|Any CPU
	EndGlobalSection
	GlobalSection(SolutionProperties) = preSolution
		HideSolutionNode = FALSE
	EndGlobalSection
	GlobalSection(ExtensibilityGlobals) = postSolution
		SolutionGuid = {D2A99011-1EB8-4F3D-B3B9-C0E6AE00AE86}
	EndGlobalSection
EndGlobal
